{
  "originHash" : "191f4a37e83ebe8f05d4a6f7ab9598bc3fa9e7af96fce816b8cf3d43f86e77d4",
  "pins" : [
    {
      "identity" : "p42extensions",
      "kind" : "remoteSourceControl",
      "location" : "git@github.com:platform-42/P42Extensions.git",
      "state" : {
        "branch" : "main",
        "revision" : "cfa117a1a6fc1f88861dd04bdcf11b7aa346ad9b"
      }
    }
  ],
  "version" : 3
}
