{
  "originHash" : "dc4dcbd2b2a91b429854570f4b0ecf21cf31b1c34900c23bee58e7043d1c29ce",
  "pins" : [
    {
      "identity" : "p42extensions",
      "kind" : "remoteSourceControl",
      "location" : "git@github.com:platform-42/P42Extensions.git",
      "state" : {
        "revision" : "cfa117a1a6fc1f88861dd04bdcf11b7aa346ad9b",
        "version" : "6.0.0"
      }
    }
  ],
  "version" : 3
}
